
Microsoft Visual Studio Solution File, Format Version 12.00
# Visual Studio Version 17
VisualStudioVersion = 17.9.34902.65
MinimumVisualStudioVersion = 10.0.40219.1
Project("{FAE04EC0-301F-11D3-BF4B-00C04F79EFBC}") = "Notifico", "Notifico.csproj", "{1D7EE578-AB24-4D2F-B129-9E8A5F3A01CC}"
EndProject
Global
	GlobalSection(SolutionConfigurationPlatforms) = preSolution
		Debug|Any CPU = Debug|Any CPU
		Release|Any CPU = Release|Any CPU
	EndGlobalSection
	GlobalSection(ProjectConfigurationPlatforms) = postSolution
		{1D7EE578-AB24-4D2F-B129-9E8A5F3A01CC}.Debug|Any CPU.ActiveCfg = Debug|Any CPU
		{1D7EE578-AB24-4D2F-B129-9E8A5F3A01CC}.Debug|Any CPU.Build.0 = Debug|Any CPU
		{1D7EE578-AB24-4D2F-B129-9E8A5F3A01CC}.Release|Any CPU.ActiveCfg = Release|Any CPU
		{1D7EE578-AB24-4D2F-B129-9E8A5F3A01CC}.Release|Any CPU.Build.0 = Release|Any CPU
	EndGlobalSection
	GlobalSection(SolutionProperties) = preSolution
		HideSolutionNode = FALSE
	EndGlobalSection
	GlobalSection(ExtensibilityGlobals) = postSolution
		SolutionGuid = {886491F0-8842-4215-A2A6-F40BF8642FE0}
	EndGlobalSection
EndGlobal
